// !$*UTF8*$!
{
	archiveVersion = 1;
	classes = {
	};
	objectVersion = 56;
	objects = {

/* Begin PBXBuildFile section */
		AF0AE6752B589F76000178B8 /* NavigationBar.swift in Sources */ = {isa = PBXBuildFile; fileRef = AF0AE6742B589F76000178B8 /* NavigationBar.swift */; };
		AF0AE6782B58A740000178B8 /* OrderTypeGridView.swift in Sources */ = {isa = PBXBuildFile; fileRef = AF0AE6772B58A740000178B8 /* OrderTypeGridView.swift */; };
		AF0AE67B2B58BBE4000178B8 /* OrderType.swift in Sources */ = {isa = PBXBuildFile; fileRef = AF0AE67A2B58BBE4000178B8 /* OrderType.swift */; };
		AF0AE67D2B58BC6D000178B8 /* DataSourceMock.swift in Sources */ = {isa = PBXBuildFile; fileRef = AF0AE67C2B58BC6D000178B8 /* DataSourceMock.swift */; };
		AF493B232B585BE500B1A04C /* ChelfDeliveryApp.swift in Sources */ = {isa = PBXBuildFile; fileRef = AF493B222B585BE500B1A04C /* ChelfDeliveryApp.swift */; };
		AF493B252B585BE500B1A04C /* ContentView.swift in Sources */ = {isa = PBXBuildFile; fileRef = AF493B242B585BE500B1A04C /* ContentView.swift */; };
		AF493B272B585BE600B1A04C /* Assets.xcassets in Resources */ = {isa = PBXBuildFile; fileRef = AF493B262B585BE600B1A04C /* Assets.xcassets */; };
		AF493B2A2B585BE600B1A04C /* Preview Assets.xcassets in Resources */ = {isa = PBXBuildFile; fileRef = AF493B292B585BE600B1A04C /* Preview Assets.xcassets */; };
		AF493B342B585BE700B1A04C /* ChelfDeliveryTests.swift in Sources */ = {isa = PBXBuildFile; fileRef = AF493B332B585BE700B1A04C /* ChelfDeliveryTests.swift */; };
		AF493B3E2B585BE700B1A04C /* ChelfDeliveryUITests.swift in Sources */ = {isa = PBXBuildFile; fileRef = AF493B3D2B585BE700B1A04C /* ChelfDeliveryUITests.swift */; };
		AF493B402B585BE700B1A04C /* ChelfDeliveryUITestsLaunchTests.swift in Sources */ = {isa = PBXBuildFile; fileRef = AF493B3F2B585BE700B1A04C /* ChelfDeliveryUITestsLaunchTests.swift */; };
		AF4C06812B595D6200AAA991 /* OrderTypeView.swift in Sources */ = {isa = PBXBuildFile; fileRef = AF4C06802B595D6200AAA991 /* OrderTypeView.swift */; };
		AF4C06842B596AF000AAA991 /* CarouselItemView.swift in Sources */ = {isa = PBXBuildFile; fileRef = AF4C06832B596AF000AAA991 /* CarouselItemView.swift */; };
		AF4C06862B596C7500AAA991 /* CarouselTabView.swift in Sources */ = {isa = PBXBuildFile; fileRef = AF4C06852B596C7500AAA991 /* CarouselTabView.swift */; };
		AF4C06892B596FBC00AAA991 /* StoreItemView.swift in Sources */ = {isa = PBXBuildFile; fileRef = AF4C06882B596FBC00AAA991 /* StoreItemView.swift */; };
		AF4C068B2B59714C00AAA991 /* StoresContainerView.swift in Sources */ = {isa = PBXBuildFile; fileRef = AF4C068A2B59714C00AAA991 /* StoresContainerView.swift */; };
/* End PBXBuildFile section */

/* Begin PBXContainerItemProxy section */
		AF493B302B585BE700B1A04C /* PBXContainerItemProxy */ = {
			isa = PBXContainerItemProxy;
			containerPortal = AF493B172B585BE500B1A04C /* Project object */;
			proxyType = 1;
			remoteGlobalIDString = AF493B1E2B585BE500B1A04C;
			remoteInfo = ChelfDelivery;
		};
		AF493B3A2B585BE700B1A04C /* PBXContainerItemProxy */ = {
			isa = PBXContainerItemProxy;
			containerPortal = AF493B172B585BE500B1A04C /* Project object */;
			proxyType = 1;
			remoteGlobalIDString = AF493B1E2B585BE500B1A04C;
			remoteInfo = ChelfDelivery;
		};
/* End PBXContainerItemProxy section */

/* Begin PBXFileReference section */
		AF0AE6742B589F76000178B8 /* NavigationBar.swift */ = {isa = PBXFileReference; lastKnownFileType = sourcecode.swift; path = NavigationBar.swift; sourceTree = "<group>"; };
		AF0AE6772B58A740000178B8 /* OrderTypeGridView.swift */ = {isa = PBXFileReference; lastKnownFileType = sourcecode.swift; path = OrderTypeGridView.swift; sourceTree = "<group>"; };
		AF0AE67A2B58BBE4000178B8 /* OrderType.swift */ = {isa = PBXFileReference; lastKnownFileType = sourcecode.swift; path = OrderType.swift; sourceTree = "<group>"; };
		AF0AE67C2B58BC6D000178B8 /* DataSourceMock.swift */ = {isa = PBXFileReference; lastKnownFileType = sourcecode.swift; path = DataSourceMock.swift; sourceTree = "<group>"; };
		AF493B1F2B585BE500B1A04C /* ChelfDelivery.app */ = {isa = PBXFileReference; explicitFileType = wrapper.application; includeInIndex = 0; path = ChelfDelivery.app; sourceTree = BUILT_PRODUCTS_DIR; };
		AF493B222B585BE500B1A04C /* ChelfDeliveryApp.swift */ = {isa = PBXFileReference; lastKnownFileType = sourcecode.swift; path = ChelfDeliveryApp.swift; sourceTree = "<group>"; };
		AF493B242B585BE500B1A04C /* ContentView.swift */ = {isa = PBXFileReference; lastKnownFileType = sourcecode.swift; path = ContentView.swift; sourceTree = "<group>"; };
		AF493B262B585BE600B1A04C /* Assets.xcassets */ = {isa = PBXFileReference; lastKnownFileType = folder.assetcatalog; path = Assets.xcassets; sourceTree = "<group>"; };
		AF493B292B585BE600B1A04C /* Preview Assets.xcassets */ = {isa = PBXFileReference; lastKnownFileType = folder.assetcatalog; path = "Preview Assets.xcassets"; sourceTree = "<group>"; };
		AF493B2F2B585BE700B1A04C /* ChelfDeliveryTests.xctest */ = {isa = PBXFileReference; explicitFileType = wrapper.cfbundle; includeInIndex = 0; path = ChelfDeliveryTests.xctest; sourceTree = BUILT_PRODUCTS_DIR; };
		AF493B332B585BE700B1A04C /* ChelfDeliveryTests.swift */ = {isa = PBXFileReference; lastKnownFileType = sourcecode.swift; path = ChelfDeliveryTests.swift; sourceTree = "<group>"; };
		AF493B392B585BE700B1A04C /* ChelfDeliveryUITests.xctest */ = {isa = PBXFileReference; explicitFileType = wrapper.cfbundle; includeInIndex = 0; path = ChelfDeliveryUITests.xctest; sourceTree = BUILT_PRODUCTS_DIR; };
		AF493B3D2B585BE700B1A04C /* ChelfDeliveryUITests.swift */ = {isa = PBXFileReference; lastKnownFileType = sourcecode.swift; path = ChelfDeliveryUITests.swift; sourceTree = "<group>"; };
		AF493B3F2B585BE700B1A04C /* ChelfDeliveryUITestsLaunchTests.swift */ = {isa = PBXFileReference; lastKnownFileType = sourcecode.swift; path = ChelfDeliveryUITestsLaunchTests.swift; sourceTree = "<group>"; };
		AF4C06802B595D6200AAA991 /* OrderTypeView.swift */ = {isa = PBXFileReference; lastKnownFileType = sourcecode.swift; path = OrderTypeView.swift; sourceTree = "<group>"; };
		AF4C06832B596AF000AAA991 /* CarouselItemView.swift */ = {isa = PBXFileReference; lastKnownFileType = sourcecode.swift; path = CarouselItemView.swift; sourceTree = "<group>"; };
		AF4C06852B596C7500AAA991 /* CarouselTabView.swift */ = {isa = PBXFileReference; lastKnownFileType = sourcecode.swift; path = CarouselTabView.swift; sourceTree = "<group>"; };
		AF4C06882B596FBC00AAA991 /* StoreItemView.swift */ = {isa = PBXFileReference; lastKnownFileType = sourcecode.swift; path = StoreItemView.swift; sourceTree = "<group>"; };
		AF4C068A2B59714C00AAA991 /* StoresContainerView.swift */ = {isa = PBXFileReference; lastKnownFileType = sourcecode.swift; path = StoresContainerView.swift; sourceTree = "<group>"; };
/* End PBXFileReference section */

/* Begin PBXFrameworksBuildPhase section */
		AF493B1C2B585BE500B1A04C /* Frameworks */ = {
			isa = PBXFrameworksBuildPhase;
			buildActionMask = 2147483647;
			files = (
			);
			runOnlyForDeploymentPostprocessing = 0;
		};
		AF493B2C2B585BE700B1A04C /* Frameworks */ = {
			isa = PBXFrameworksBuildPhase;
			buildActionMask = 2147483647;
			files = (
			);
			runOnlyForDeploymentPostprocessing = 0;
		};
		AF493B362B585BE700B1A04C /* Frameworks */ = {
			isa = PBXFrameworksBuildPhase;
			buildActionMask = 2147483647;
			files = (
			);
			runOnlyForDeploymentPostprocessing = 0;
		};
/* End PBXFrameworksBuildPhase section */

/* Begin PBXGroup section */
		AF0AE6722B589F1E000178B8 /* NavigationBar */ = {
			isa = PBXGroup;
			children = (
				AF0AE6742B589F76000178B8 /* NavigationBar.swift */,
			);
			path = NavigationBar;
			sourceTree = "<group>";
		};
		AF0AE6732B589F2A000178B8 /* App */ = {
			isa = PBXGroup;
			children = (
				AF493B222B585BE500B1A04C /* ChelfDeliveryApp.swift */,
				AF493B242B585BE500B1A04C /* ContentView.swift */,
			);
			path = App;
			sourceTree = "<group>";
		};
		AF0AE6762B58A725000178B8 /* GridView */ = {
			isa = PBXGroup;
			children = (
				AF0AE6772B58A740000178B8 /* OrderTypeGridView.swift */,
				AF4C06802B595D6200AAA991 /* OrderTypeView.swift */,
			);
			path = GridView;
			sourceTree = "<group>";
		};
		AF0AE6792B58BBCA000178B8 /* Model */ = {
			isa = PBXGroup;
			children = (
				AF0AE67A2B58BBE4000178B8 /* OrderType.swift */,
				AF0AE67C2B58BC6D000178B8 /* DataSourceMock.swift */,
			);
			path = Model;
			sourceTree = "<group>";
		};
		AF493B162B585BE500B1A04C = {
			isa = PBXGroup;
			children = (
				AF493B212B585BE500B1A04C /* ChelfDelivery */,
				AF493B322B585BE700B1A04C /* ChelfDeliveryTests */,
				AF493B3C2B585BE700B1A04C /* ChelfDeliveryUITests */,
				AF493B202B585BE500B1A04C /* Products */,
			);
			sourceTree = "<group>";
		};
		AF493B202B585BE500B1A04C /* Products */ = {
			isa = PBXGroup;
			children = (
				AF493B1F2B585BE500B1A04C /* ChelfDelivery.app */,
				AF493B2F2B585BE700B1A04C /* ChelfDeliveryTests.xctest */,
				AF493B392B585BE700B1A04C /* ChelfDeliveryUITests.xctest */,
			);
			name = Products;
			sourceTree = "<group>";
		};
		AF493B212B585BE500B1A04C /* ChelfDelivery */ = {
			isa = PBXGroup;
			children = (
				AF4C06872B596F9100AAA991 /* StoresView */,
				AF0AE6792B58BBCA000178B8 /* Model */,
				AF0AE6762B58A725000178B8 /* GridView */,
				AF0AE6732B589F2A000178B8 /* App */,
				AF0AE6722B589F1E000178B8 /* NavigationBar */,
				AF493B262B585BE600B1A04C /* Assets.xcassets */,
				AF493B282B585BE600B1A04C /* Preview Content */,
				AF4C06822B596AC500AAA991 /* CarouselView */,
			);
			path = ChelfDelivery;
			sourceTree = "<group>";
		};
		AF493B282B585BE600B1A04C /* Preview Content */ = {
			isa = PBXGroup;
			children = (
				AF493B292B585BE600B1A04C /* Preview Assets.xcassets */,
			);
			path = "Preview Content";
			sourceTree = "<group>";
		};
		AF493B322B585BE700B1A04C /* ChelfDeliveryTests */ = {
			isa = PBXGroup;
			children = (
				AF493B332B585BE700B1A04C /* ChelfDeliveryTests.swift */,
			);
			path = ChelfDeliveryTests;
			sourceTree = "<group>";
		};
		AF493B3C2B585BE700B1A04C /* ChelfDeliveryUITests */ = {
			isa = PBXGroup;
			children = (
				AF493B3D2B585BE700B1A04C /* ChelfDeliveryUITests.swift */,
				AF493B3F2B585BE700B1A04C /* ChelfDeliveryUITestsLaunchTests.swift */,
			);
			path = ChelfDeliveryUITests;
			sourceTree = "<group>";
		};
		AF4C06822B596AC500AAA991 /* CarouselView */ = {
			isa = PBXGroup;
			children = (
				AF4C06832B596AF000AAA991 /* CarouselItemView.swift */,
				AF4C06852B596C7500AAA991 /* CarouselTabView.swift */,
			);
			path = CarouselView;
			sourceTree = "<group>";
		};
		AF4C06872B596F9100AAA991 /* StoresView */ = {
			isa = PBXGroup;
			children = (
				AF4C06882B596FBC00AAA991 /* StoreItemView.swift */,
				AF4C068A2B59714C00AAA991 /* StoresContainerView.swift */,
			);
			path = StoresView;
			sourceTree = "<group>";
		};
/* End PBXGroup section */

/* Begin PBXNativeTarget section */
		AF493B1E2B585BE500B1A04C /* ChelfDelivery */ = {
			isa = PBXNativeTarget;
			buildConfigurationList = AF493B432B585BE700B1A04C /* Build configuration list for PBXNativeTarget "ChelfDelivery" */;
			buildPhases = (
				AF493B1B2B585BE500B1A04C /* Sources */,
				AF493B1C2B585BE500B1A04C /* Frameworks */,
				AF493B1D2B585BE500B1A04C /* Resources */,
			);
			buildRules = (
			);
			dependencies = (
			);
			name = ChelfDelivery;
			productName = ChelfDelivery;
			productReference = AF493B1F2B585BE500B1A04C /* ChelfDelivery.app */;
			productType = "com.apple.product-type.application";
		};
		AF493B2E2B585BE700B1A04C /* ChelfDeliveryTests */ = {
			isa = PBXNativeTarget;
			buildConfigurationList = AF493B462B585BE700B1A04C /* Build configuration list for PBXNativeTarget "ChelfDeliveryTests" */;
			buildPhases = (
				AF493B2B2B585BE700B1A04C /* Sources */,
				AF493B2C2B585BE700B1A04C /* Frameworks */,
				AF493B2D2B585BE700B1A04C /* Resources */,
			);
			buildRules = (
			);
			dependencies = (
				AF493B312B585BE700B1A04C /* PBXTargetDependency */,
			);
			name = ChelfDeliveryTests;
			productName = ChelfDeliveryTests;
			productReference = AF493B2F2B585BE700B1A04C /* ChelfDeliveryTests.xctest */;
			productType = "com.apple.product-type.bundle.unit-test";
		};
		AF493B382B585BE700B1A04C /* ChelfDeliveryUITests */ = {
			isa = PBXNativeTarget;
			buildConfigurationList = AF493B492B585BE700B1A04C /* Build configuration list for PBXNativeTarget "ChelfDeliveryUITests" */;
			buildPhases = (
				AF493B352B585BE700B1A04C /* Sources */,
				AF493B362B585BE700B1A04C /* Frameworks */,
				AF493B372B585BE700B1A04C /* Resources */,
			);
			buildRules = (
			);
			dependencies = (
				AF493B3B2B585BE700B1A04C /* PBXTargetDependency */,
			);
			name = ChelfDeliveryUITests;
			productName = ChelfDeliveryUITests;
			productReference = AF493B392B585BE700B1A04C /* ChelfDeliveryUITests.xctest */;
			productType = "com.apple.product-type.bundle.ui-testing";
		};
/* End PBXNativeTarget section */

/* Begin PBXProject section */
		AF493B172B585BE500B1A04C /* Project object */ = {
			isa = PBXProject;
			attributes = {
				BuildIndependentTargetsInParallel = 1;
				LastSwiftUpdateCheck = 1430;
				LastUpgradeCheck = 1430;
				TargetAttributes = {
					AF493B1E2B585BE500B1A04C = {
						CreatedOnToolsVersion = 14.3.1;
					};
					AF493B2E2B585BE700B1A04C = {
						CreatedOnToolsVersion = 14.3.1;
						TestTargetID = AF493B1E2B585BE500B1A04C;
					};
					AF493B382B585BE700B1A04C = {
						CreatedOnToolsVersion = 14.3.1;
						TestTargetID = AF493B1E2B585BE500B1A04C;
					};
				};
			};
			buildConfigurationList = AF493B1A2B585BE500B1A04C /* Build configuration list for PBXProject "ChelfDelivery" */;
			compatibilityVersion = "Xcode 14.0";
			developmentRegion = en;
			hasScannedForEncodings = 0;
			knownRegions = (
				en,
				Base,
			);
			mainGroup = AF493B162B585BE500B1A04C;
			productRefGroup = AF493B202B585BE500B1A04C /* Products */;
			projectDirPath = "";
			projectRoot = "";
			targets = (
				AF493B1E2B585BE500B1A04C /* ChelfDelivery */,
				AF493B2E2B585BE700B1A04C /* ChelfDeliveryTests */,
				AF493B382B585BE700B1A04C /* ChelfDeliveryUITests */,
			);
		};
/* End PBXProject section */

/* Begin PBXResourcesBuildPhase section */
		AF493B1D2B585BE500B1A04C /* Resources */ = {
			isa = PBXResourcesBuildPhase;
			buildActionMask = 2147483647;
			files = (
				AF493B2A2B585BE600B1A04C /* Preview Assets.xcassets in Resources */,
				AF493B272B585BE600B1A04C /* Assets.xcassets in Resources */,
			);
			runOnlyForDeploymentPostprocessing = 0;
		};
		AF493B2D2B585BE700B1A04C /* Resources */ = {
			isa = PBXResourcesBuildPhase;
			buildActionMask = 2147483647;
			files = (
			);
			runOnlyForDeploymentPostprocessing = 0;
		};
		AF493B372B585BE700B1A04C /* Resources */ = {
			isa = PBXResourcesBuildPhase;
			buildActionMask = 2147483647;
			files = (
			);
			runOnlyForDeploymentPostprocessing = 0;
		};
/* End PBXResourcesBuildPhase section */

/* Begin PBXSourcesBuildPhase section */
		AF493B1B2B585BE500B1A04C /* Sources */ = {
			isa = PBXSourcesBuildPhase;
			buildActionMask = 2147483647;
			files = (
				AF0AE67B2B58BBE4000178B8 /* OrderType.swift in Sources */,
				AF4C06842B596AF000AAA991 /* CarouselItemView.swift in Sources */,
				AF493B252B585BE500B1A04C /* ContentView.swift in Sources */,
				AF0AE67D2B58BC6D000178B8 /* DataSourceMock.swift in Sources */,
				AF4C068B2B59714C00AAA991 /* StoresContainerView.swift in Sources */,
				AF4C06812B595D6200AAA991 /* OrderTypeView.swift in Sources */,
				AF4C06892B596FBC00AAA991 /* StoreItemView.swift in Sources */,
				AF0AE6782B58A740000178B8 /* OrderTypeGridView.swift in Sources */,
				AF493B232B585BE500B1A04C /* ChelfDeliveryApp.swift in Sources */,
				AF0AE6752B589F76000178B8 /* NavigationBar.swift in Sources */,
				AF4C06862B596C7500AAA991 /* CarouselTabView.swift in Sources */,
			);
			runOnlyForDeploymentPostprocessing = 0;
		};
		AF493B2B2B585BE700B1A04C /* Sources */ = {
			isa = PBXSourcesBuildPhase;
			buildActionMask = 2147483647;
			files = (
				AF493B342B585BE700B1A04C /* ChelfDeliveryTests.swift in Sources */,
			);
			runOnlyForDeploymentPostprocessing = 0;
		};
		AF493B352B585BE700B1A04C /* Sources */ = {
			isa = PBXSourcesBuildPhase;
			buildActionMask = 2147483647;
			files = (
				AF493B3E2B585BE700B1A04C /* ChelfDeliveryUITests.swift in Sources */,
				AF493B402B585BE700B1A04C /* ChelfDeliveryUITestsLaunchTests.swift in Sources */,
			);
			runOnlyForDeploymentPostprocessing = 0;
		};
/* End PBXSourcesBuildPhase section */

/* Begin PBXTargetDependency section */
		AF493B312B585BE700B1A04C /* PBXTargetDependency */ = {
			isa = PBXTargetDependency;
			target = AF493B1E2B585BE500B1A04C /* ChelfDelivery */;
			targetProxy = AF493B302B585BE700B1A04C /* PBXContainerItemProxy */;
		};
		AF493B3B2B585BE700B1A04C /* PBXTargetDependency */ = {
			isa = PBXTargetDependency;
			target = AF493B1E2B585BE500B1A04C /* ChelfDelivery */;
			targetProxy = AF493B3A2B585BE700B1A04C /* PBXContainerItemProxy */;
		};
/* End PBXTargetDependency section */

/* Begin XCBuildConfiguration section */
		AF493B412B585BE700B1A04C /* Debug */ = {
			isa = XCBuildConfiguration;
			buildSettings = {
				ALWAYS_SEARCH_USER_PATHS = NO;
				CLANG_ANALYZER_NONNULL = YES;
				CLANG_ANALYZER_NUMBER_OBJECT_CONVERSION = YES_AGGRESSIVE;
				CLANG_CXX_LANGUAGE_STANDARD = "gnu++20";
				CLANG_ENABLE_MODULES = YES;
				CLANG_ENABLE_OBJC_ARC = YES;
				CLANG_ENABLE_OBJC_WEAK = YES;
				CLANG_WARN_BLOCK_CAPTURE_AUTORELEASING = YES;
				CLANG_WARN_BOOL_CONVERSION = YES;
				CLANG_WARN_COMMA = YES;
				CLANG_WARN_CONSTANT_CONVERSION = YES;
				CLANG_WARN_DEPRECATED_OBJC_IMPLEMENTATIONS = YES;
				CLANG_WARN_DIRECT_OBJC_ISA_USAGE = YES_ERROR;
				CLANG_WARN_DOCUMENTATION_COMMENTS = YES;
				CLANG_WARN_EMPTY_BODY = YES;
				CLANG_WARN_ENUM_CONVERSION = YES;
				CLANG_WARN_INFINITE_RECURSION = YES;
				CLANG_WARN_INT_CONVERSION = YES;
				CLANG_WARN_NON_LITERAL_NULL_CONVERSION = YES;
				CLANG_WARN_OBJC_IMPLICIT_RETAIN_SELF = YES;
				CLANG_WARN_OBJC_LITERAL_CONVERSION = YES;
				CLANG_WARN_OBJC_ROOT_CLASS = YES_ERROR;
				CLANG_WARN_QUOTED_INCLUDE_IN_FRAMEWORK_HEADER = YES;
				CLANG_WARN_RANGE_LOOP_ANALYSIS = YES;
				CLANG_WARN_STRICT_PROTOTYPES = YES;
				CLANG_WARN_SUSPICIOUS_MOVE = YES;
				CLANG_WARN_UNGUARDED_AVAILABILITY = YES_AGGRESSIVE;
				CLANG_WARN_UNREACHABLE_CODE = YES;
				CLANG_WARN__DUPLICATE_METHOD_MATCH = YES;
				COPY_PHASE_STRIP = NO;
				DEBUG_INFORMATION_FORMAT = dwarf;
				ENABLE_STRICT_OBJC_MSGSEND = YES;
				ENABLE_TESTABILITY = YES;
				GCC_C_LANGUAGE_STANDARD = gnu11;
				GCC_DYNAMIC_NO_PIC = NO;
				GCC_NO_COMMON_BLOCKS = YES;
				GCC_OPTIMIZATION_LEVEL = 0;
				GCC_PREPROCESSOR_DEFINITIONS = (
					"DEBUG=1",
					"$(inherited)",
				);
				GCC_WARN_64_TO_32_BIT_CONVERSION = YES;
				GCC_WARN_ABOUT_RETURN_TYPE = YES_ERROR;
				GCC_WARN_UNDECLARED_SELECTOR = YES;
				GCC_WARN_UNINITIALIZED_AUTOS = YES_AGGRESSIVE;
				GCC_WARN_UNUSED_FUNCTION = YES;
				GCC_WARN_UNUSED_VARIABLE = YES;
				IPHONEOS_DEPLOYMENT_TARGET = 16.4;
				MTL_ENABLE_DEBUG_INFO = INCLUDE_SOURCE;
				MTL_FAST_MATH = YES;
				ONLY_ACTIVE_ARCH = YES;
				SDKROOT = iphoneos;
				SWIFT_ACTIVE_COMPILATION_CONDITIONS = DEBUG;
				SWIFT_OPTIMIZATION_LEVEL = "-Onone";
			};
			name = Debug;
		};
		AF493B422B585BE700B1A04C /* Release */ = {
			isa = XCBuildConfiguration;
			buildSettings = {
				ALWAYS_SEARCH_USER_PATHS = NO;
				CLANG_ANALYZER_NONNULL = YES;
				CLANG_ANALYZER_NUMBER_OBJECT_CONVERSION = YES_AGGRESSIVE;
				CLANG_CXX_LANGUAGE_STANDARD = "gnu++20";
				CLANG_ENABLE_MODULES = YES;
				CLANG_ENABLE_OBJC_ARC = YES;
				CLANG_ENABLE_OBJC_WEAK = YES;
				CLANG_WARN_BLOCK_CAPTURE_AUTORELEASING = YES;
				CLANG_WARN_BOOL_CONVERSION = YES;
				CLANG_WARN_COMMA = YES;
				CLANG_WARN_CONSTANT_CONVERSION = YES;
				CLANG_WARN_DEPRECATED_OBJC_IMPLEMENTATIONS = YES;
				CLANG_WARN_DIRECT_OBJC_ISA_USAGE = YES_ERROR;
				CLANG_WARN_DOCUMENTATION_COMMENTS = YES;
				CLANG_WARN_EMPTY_BODY = YES;
				CLANG_WARN_ENUM_CONVERSION = YES;
				CLANG_WARN_INFINITE_RECURSION = YES;
				CLANG_WARN_INT_CONVERSION = YES;
				CLANG_WARN_NON_LITERAL_NULL_CONVERSION = YES;
				CLANG_WARN_OBJC_IMPLICIT_RETAIN_SELF = YES;
				CLANG_WARN_OBJC_LITERAL_CONVERSION = YES;
				CLANG_WARN_OBJC_ROOT_CLASS = YES_ERROR;
				CLANG_WARN_QUOTED_INCLUDE_IN_FRAMEWORK_HEADER = YES;
				CLANG_WARN_RANGE_LOOP_ANALYSIS = YES;
				CLANG_WARN_STRICT_PROTOTYPES = YES;
				CLANG_WARN_SUSPICIOUS_MOVE = YES;
				CLANG_WARN_UNGUARDED_AVAILABILITY = YES_AGGRESSIVE;
				CLANG_WARN_UNREACHABLE_CODE = YES;
				CLANG_WARN__DUPLICATE_METHOD_MATCH = YES;
				COPY_PHASE_STRIP = NO;
				DEBUG_INFORMATION_FORMAT = "dwarf-with-dsym";
				ENABLE_NS_ASSERTIONS = NO;
				ENABLE_STRICT_OBJC_MSGSEND = YES;
				GCC_C_LANGUAGE_STANDARD = gnu11;
				GCC_NO_COMMON_BLOCKS = YES;
				GCC_WARN_64_TO_32_BIT_CONVERSION = YES;
				GCC_WARN_ABOUT_RETURN_TYPE = YES_ERROR;
				GCC_WARN_UNDECLARED_SELECTOR = YES;
				GCC_WARN_UNINITIALIZED_AUTOS = YES_AGGRESSIVE;
				GCC_WARN_UNUSED_FUNCTION = YES;
				GCC_WARN_UNUSED_VARIABLE = YES;
				IPHONEOS_DEPLOYMENT_TARGET = 16.4;
				MTL_ENABLE_DEBUG_INFO = NO;
				MTL_FAST_MATH = YES;
				SDKROOT = iphoneos;
				SWIFT_COMPILATION_MODE = wholemodule;
				SWIFT_OPTIMIZATION_LEVEL = "-O";
				VALIDATE_PRODUCT = YES;
			};
			name = Release;
		};
		AF493B442B585BE700B1A04C /* Debug */ = {
			isa = XCBuildConfiguration;
			buildSettings = {
				ASSETCATALOG_COMPILER_APPICON_NAME = AppIcon;
				ASSETCATALOG_COMPILER_GLOBAL_ACCENT_COLOR_NAME = AccentColor;
				CODE_SIGN_STYLE = Automatic;
				CURRENT_PROJECT_VERSION = 1;
				DEVELOPMENT_ASSET_PATHS = "\"ChelfDelivery/Preview Content\"";
				ENABLE_PREVIEWS = YES;
				GENERATE_INFOPLIST_FILE = YES;
				INFOPLIST_KEY_UIApplicationSceneManifest_Generation = YES;
				INFOPLIST_KEY_UIApplicationSupportsIndirectInputEvents = YES;
				INFOPLIST_KEY_UILaunchScreen_Generation = YES;
				INFOPLIST_KEY_UISupportedInterfaceOrientations_iPad = "UIInterfaceOrientationPortrait UIInterfaceOrientationPortraitUpsideDown UIInterfaceOrientationLandscapeLeft UIInterfaceOrientationLandscapeRight";
				INFOPLIST_KEY_UISupportedInterfaceOrientations_iPhone = "UIInterfaceOrientationPortrait UIInterfaceOrientationLandscapeLeft UIInterfaceOrientationLandscapeRight";
				LD_RUNPATH_SEARCH_PATHS = (
					"$(inherited)",
					"@executable_path/Frameworks",
				);
				MARKETING_VERSION = 1.0;
				PRODUCT_BUNDLE_IDENTIFIER = com.quiz.ChelfDelivery;
				PRODUCT_NAME = "$(TARGET_NAME)";
				SWIFT_EMIT_LOC_STRINGS = YES;
				SWIFT_VERSION = 5.0;
				TARGETED_DEVICE_FAMILY = "1,2";
			};
			name = Debug;
		};
		AF493B452B585BE700B1A04C /* Release */ = {
			isa = XCBuildConfiguration;
			buildSettings = {
				ASSETCATALOG_COMPILER_APPICON_NAME = AppIcon;
				ASSETCATALOG_COMPILER_GLOBAL_ACCENT_COLOR_NAME = AccentColor;
				CODE_SIGN_STYLE = Automatic;
				CURRENT_PROJECT_VERSION = 1;
				DEVELOPMENT_ASSET_PATHS = "\"ChelfDelivery/Preview Content\"";
				ENABLE_PREVIEWS = YES;
				GENERATE_INFOPLIST_FILE = YES;
				INFOPLIST_KEY_UIApplicationSceneManifest_Generation = YES;
				INFOPLIST_KEY_UIApplicationSupportsIndirectInputEvents = YES;
				INFOPLIST_KEY_UILaunchScreen_Generation = YES;
				INFOPLIST_KEY_UISupportedInterfaceOrientations_iPad = "UIInterfaceOrientationPortrait UIInterfaceOrientationPortraitUpsideDown UIInterfaceOrientationLandscapeLeft UIInterfaceOrientationLandscapeRight";
				INFOPLIST_KEY_UISupportedInterfaceOrientations_iPhone = "UIInterfaceOrientationPortrait UIInterfaceOrientationLandscapeLeft UIInterfaceOrientationLandscapeRight";
				LD_RUNPATH_SEARCH_PATHS = (
					"$(inherited)",
					"@executable_path/Frameworks",
				);
				MARKETING_VERSION = 1.0;
				PRODUCT_BUNDLE_IDENTIFIER = com.quiz.ChelfDelivery;
				PRODUCT_NAME = "$(TARGET_NAME)";
				SWIFT_EMIT_LOC_STRINGS = YES;
				SWIFT_VERSION = 5.0;
				TARGETED_DEVICE_FAMILY = "1,2";
			};
			name = Release;
		};
		AF493B472B585BE700B1A04C /* Debug */ = {
			isa = XCBuildConfiguration;
			buildSettings = {
				ALWAYS_EMBED_SWIFT_STANDARD_LIBRARIES = YES;
				BUNDLE_LOADER = "$(TEST_HOST)";
				CODE_SIGN_STYLE = Automatic;
				CURRENT_PROJECT_VERSION = 1;
				GENERATE_INFOPLIST_FILE = YES;
				IPHONEOS_DEPLOYMENT_TARGET = 16.4;
				MARKETING_VERSION = 1.0;
				PRODUCT_BUNDLE_IDENTIFIER = com.quiz.ChelfDeliveryTests;
				PRODUCT_NAME = "$(TARGET_NAME)";
				SWIFT_EMIT_LOC_STRINGS = NO;
				SWIFT_VERSION = 5.0;
				TARGETED_DEVICE_FAMILY = "1,2";
				TEST_HOST = "$(BUILT_PRODUCTS_DIR)/ChelfDelivery.app/$(BUNDLE_EXECUTABLE_FOLDER_PATH)/ChelfDelivery";
			};
			name = Debug;
		};
		AF493B482B585BE700B1A04C /* Release */ = {
			isa = XCBuildConfiguration;
			buildSettings = {
				ALWAYS_EMBED_SWIFT_STANDARD_LIBRARIES = YES;
				BUNDLE_LOADER = "$(TEST_HOST)";
				CODE_SIGN_STYLE = Automatic;
				CURRENT_PROJECT_VERSION = 1;
				GENERATE_INFOPLIST_FILE = YES;
				IPHONEOS_DEPLOYMENT_TARGET = 16.4;
				MARKETING_VERSION = 1.0;
				PRODUCT_BUNDLE_IDENTIFIER = com.quiz.ChelfDeliveryTests;
				PRODUCT_NAME = "$(TARGET_NAME)";
				SWIFT_EMIT_LOC_STRINGS = NO;
				SWIFT_VERSION = 5.0;
				TARGETED_DEVICE_FAMILY = "1,2";
				TEST_HOST = "$(BUILT_PRODUCTS_DIR)/ChelfDelivery.app/$(BUNDLE_EXECUTABLE_FOLDER_PATH)/ChelfDelivery";
			};
			name = Release;
		};
		AF493B4A2B585BE700B1A04C /* Debug */ = {
			isa = XCBuildConfiguration;
			buildSettings = {
				ALWAYS_EMBED_SWIFT_STANDARD_LIBRARIES = YES;
				CODE_SIGN_STYLE = Automatic;
				CURRENT_PROJECT_VERSION = 1;
				GENERATE_INFOPLIST_FILE = YES;
				MARKETING_VERSION = 1.0;
				PRODUCT_BUNDLE_IDENTIFIER = com.quiz.ChelfDeliveryUITests;
				PRODUCT_NAME = "$(TARGET_NAME)";
				SWIFT_EMIT_LOC_STRINGS = NO;
				SWIFT_VERSION = 5.0;
				TARGETED_DEVICE_FAMILY = "1,2";
				TEST_TARGET_NAME = ChelfDelivery;
			};
			name = Debug;
		};
		AF493B4B2B585BE700B1A04C /* Release */ = {
			isa = XCBuildConfiguration;
			buildSettings = {
				ALWAYS_EMBED_SWIFT_STANDARD_LIBRARIES = YES;
				CODE_SIGN_STYLE = Automatic;
				CURRENT_PROJECT_VERSION = 1;
				GENERATE_INFOPLIST_FILE = YES;
				MARKETING_VERSION = 1.0;
				PRODUCT_BUNDLE_IDENTIFIER = com.quiz.ChelfDeliveryUITests;
				PRODUCT_NAME = "$(TARGET_NAME)";
				SWIFT_EMIT_LOC_STRINGS = NO;
				SWIFT_VERSION = 5.0;
				TARGETED_DEVICE_FAMILY = "1,2";
				TEST_TARGET_NAME = ChelfDelivery;
			};
			name = Release;
		};
/* End XCBuildConfiguration section */

/* Begin XCConfigurationList section */
		AF493B1A2B585BE500B1A04C /* Build configuration list for PBXProject "ChelfDelivery" */ = {
			isa = XCConfigurationList;
			buildConfigurations = (
				AF493B412B585BE700B1A04C /* Debug */,
				AF493B422B585BE700B1A04C /* Release */,
			);
			defaultConfigurationIsVisible = 0;
			defaultConfigurationName = Release;
		};
		AF493B432B585BE700B1A04C /* Build configuration list for PBXNativeTarget "ChelfDelivery" */ = {
			isa = XCConfigurationList;
			buildConfigurations = (
				AF493B442B585BE700B1A04C /* Debug */,
				AF493B452B585BE700B1A04C /* Release */,
			);
			defaultConfigurationIsVisible = 0;
			defaultConfigurationName = Release;
		};
		AF493B462B585BE700B1A04C /* Build configuration list for PBXNativeTarget "ChelfDeliveryTests" */ = {
			isa = XCConfigurationList;
			buildConfigurations = (
				AF493B472B585BE700B1A04C /* Debug */,
				AF493B482B585BE700B1A04C /* Release */,
			);
			defaultConfigurationIsVisible = 0;
			defaultConfigurationName = Release;
		};
		AF493B492B585BE700B1A04C /* Build configuration list for PBXNativeTarget "ChelfDeliveryUITests" */ = {
			isa = XCConfigurationList;
			buildConfigurations = (
				AF493B4A2B585BE700B1A04C /* Debug */,
				AF493B4B2B585BE700B1A04C /* Release */,
			);
			defaultConfigurationIsVisible = 0;
			defaultConfigurationName = Release;
		};
/* End XCConfigurationList section */
	};
	rootObject = AF493B172B585BE500B1A04C /* Project object */;
}
